[[package]]
category = "main"
description = "NumPy: array processing for numbers, strings, records, and objects."
name = "numpy"
optional = false
platform = "Windows"
python-versions = ">=2.7,!=3.0.*,!=3.1.*,!=3.2.*,!=3.3.*"
version = "1.15.2"

[[package]]
category = "main"
description = "Python Imaging Library (Fork)"
name = "pillow"
optional = false
platform = "*"
python-versions = ">=2.7, !=3.0.*, !=3.1.*, !=3.2.*, !=3.3.*"
version = "5.2.0"

[metadata]
content-hash = "ac7673d9389595a061ca211fc68fe546a2961c21c073bb65a264ea8cd48094ea"
platform = "*"
python-versions = "3.6"

[metadata.hashes]
numpy = ["1b1cf8f7300cf7b11ddb4250b3898c711a6187df05341b5b7153db23ffe5d498", "27a0d018f608a3fe34ac5e2b876f4c23c47e38295c47dd0775cc294cd2614bc1", "3fde172e28c899580d32dc21cb6d4a1225d62362f61050b654545c662eac215a", "497d7c86df4f85eb03b7f58a7dd0f8b948b1f582e77629341f624ba301b4d204", "4e28e66cf80c09a628ae680efeb0aa9a066eb4bb7db2a5669024c5b034891576", "58be95faf0ca2d886b5b337e7cba2923e3ad1224b806a91223ea39f1e0c77d03", "5b4dfb6551eaeaf532054e2c6ef4b19c449c2e3a709ebdde6392acb1372ecabc", "63f833a7c622e9082df3cbaf03b4fd92d7e0c11e2f9d87cb57dbf0e84441964b", "71bf3b7ca15b1967bba3a1ef6a8e87286382a8b5e46ac76b42a02fe787c5237d", "733dc5d47e71236263837825b69c975bc08728ae638452b34aeb1d6fa347b780", "82f00a1e2695a0e5b89879aa25ea614530b8ebdca6d49d4834843d498e8a5e92", "866bf72b9c3bfabe4476d866c70ee1714ad3e2f7b7048bb934892335e7b6b1f7", "8aeac8b08f4b8c52129518efcd93706bb6d506ccd17830b67d18d0227cf32d9e", "8d2cfb0aef7ec8759736cce26946efa084cdf49797712333539ef7d135e0295e", "981224224bbf44d95278eb37996162e8beb6f144d2719b144e86dfe2fce6c510", "981daff58fa3985a26daa4faa2b726c4e7a1d45178100125c0e1fdaf2ac64978", "9ad36dbfdbb0cba90a08e7343fadf86f43cf6d87450e8d2b5d71d7c7202907e4", "a251570bb3cb04f1627f23c234ad09af0e54fc8194e026cf46178f2e5748d647", "b5ff7dae352fd9e1edddad1348698e9fea14064460a7e39121ef9526745802e6", "c898f9cca806102fcacb6309899743aa39efb2ad2a302f4c319f54db9f05cd84", "cf4b970042ce148ad8dce4369c02a4078b382dadf20067ce2629c239d76460d1", "d1569013e8cc8f37e9769d19effdd85e404c976cd0ca28a94e3ddc026c216ae8", "dca261e85fe0d34b2c242ecb31c9ab693509af2cf955d9caf01ee3ef3669abd0", "ec8bf53ef7c92c99340972519adbe122e82c81d5b87cbd955c74ba8a8cd2a4ad", "f2e55726a9ee2e8129d6ce6abb466304868051bcc7a09d652b3b07cd86e801a2", "f4dee74f2626c783a3804df9191e9008946a104d5a284e52427a53ff576423cb", "f592fd7fe1f20b5041928cce1330937eca62f9058cb41e69c2c2d83cffc0d1e3", "ffab5b80bba8c86251291b8ce2e6c99a61446459d4c6637f5d5cc8c9ce37c972"]
pillow = ["00def5b638994f888d1058e4d17c86dec8e1113c3741a0a8a659039aec59a83a", "026449b64e559226cdb8e6d8c931b5965d8fc90ec18ebbb0baa04c5b36503c72", "03dbb224ee196ef30ed2156d41b579143e1efeb422974719a5392fc035e4f574", "03eb0e04f929c102ae24bc436bf1c0c60a4e63b07ebd388e84d8b219df3e6acd", "087b0551ce2d19b3f092f2b5f071a065f7379e748867d070b29999cc83db15e3", "091a0656688d85fd6e10f49a73fa3ab9b37dbfcb2151f5a3ab17f8b879f467ee", "0f3e2d0a9966161b7dfd06d147f901d72c3a88ea1a833359b92193b8e1f68e1c", "114398d0e073b93e1d7da5b5ab92ff4b83c0180625c8031911425e51f4365d2e", "1be66b9a89e367e7d20d6cae419794997921fe105090fafd86ef39e20a3baab2", "1c5e93c40d4ce8cb133d3b105a869be6fa767e703f6eb1003eb4b90583e08a59", "1e977a3ed998a599bda5021fb2c2889060617627d3ae228297a529a082a3cd5c", "22cf3406d135cfcc13ec6228ade774c8461e125c940e80455f500638429be273", "24adccf1e834f82718c7fc8e3ec1093738da95144b8b1e44c99d5fc7d3e9c554", "2a3e362c97a5e6a259ee9cd66553292a1f8928a5bdfa3622fdb1501570834612", "3518f9fc666cbc58a5c1f48a6a23e9e6ceef69665eab43cdad5144de9383e72c", "3709339f4619e8c9b00f53079e40b964f43c5af61fb89a923fe24437167298bb", "3832e26ecbc9d8a500821e3a1d3765bda99d04ae29ffbb2efba49f5f788dc934", "452d159024faf37cc080537df308e8fa0026076eb38eb75185d96ed9642bd6d7", "4fd1f0c2dc02aaec729d91c92cd85a2df0289d88e9f68d1e8faba750bb9c4786", "4fda62030f2c515b6e2e673c57caa55cb04026a81968f3128aae10fc28e5cc27", "5044d75a68b49ce36a813c82d8201384207112d5d81643937fc758c05302f05b", "522184556921512ec484cb93bd84e0bab915d0ac5a372d49571c241a7f73db62", "5914cff11f3e920626da48e564be6818831713a3087586302444b9c70e8552d9", "653d48fe46378f40e3c2b892be88d8440efbb2c9df78559da44c63ad5ecb4142", "6661a7908d68c4a133e03dac8178287aa20a99f841ea90beeb98a233ae3fd710", "6735a7e560df6f0deb78246a6fe056cf2ae392ba2dc060ea8a6f2535aec924f1", "6d26a475a19cb294225738f5c974b3a24599438a67a30ed2d25638f012668026", "791f07fe13937e65285f9ef30664ddf0e10a0230bdb236751fa0ca67725740dd", "79258a8df3e309a54c7ef2ef4a59bb8e28f7e4a8992a3ad17c24b1889ced44f3", "7d74c20b8f1c3e99d3f781d3b8ff5abfefdd7363d61e23bdeba9992ff32cc4b4", "81918afeafc16ba5d9d0d4e9445905f21aac969a4ebb6f2bff4b9886da100f4b", "8194d913ca1f459377c8a4ed8f9b7ad750068b8e0e3f3f9c6963fcc87a84515f", "84d5d31200b11b3c76fab853b89ac898bf2d05c8b3da07c1fcc23feb06359d6e", "989981db57abffb52026b114c9a1f114c7142860a6d30a352d28f8cbf186500b", "a3d7511d3fad1618a82299aab71a5fceee5c015653a77ffea75ced9ef917e71a", "a4a6ac01b8c2f9d2d83719f193e6dea493e18445ce5bfd743d739174daa974d9", "acb90eb6c7ed6526551a78211d84c81e33082a35642ff5fe57489abc14e6bf6e", "b3ef168d4d6fd4fa6685aef7c91400f59f7ab1c0da734541f7031699741fb23f", "c1c5792b6e74bbf2af0f8e892272c2a6c48efa895903211f11b8342e03129fea", "c5dcb5a56aebb8a8f2585042b2f5c496d7624f0bcfe248f0cc33ceb2fd8d39e7", "d16f90810106822833a19bdb24c7cb766959acf791ca0edf5edfec674d55c8ee", "dcdc9cd9880027688007ff8f7c8e7ae6f24e81fae33bfd18d1e691e7bda4855f", "e2807aad4565d8de15391a9548f97818a14ef32624015c7bf3095171e314445e", "e2bed4a04e2ca1050bb5f00865cf2f83c0b92fd62454d9244f690fcd842e27a4", "e87a527c06319428007e8c30511e1f0ce035cb7f14bb4793b003ed532c3b9333", "ebcfc33a6c34984086451e230253bc33727bd17b4cdc4b39ec03032c3a6fc9e9", "f63e420180cbe22ff6e32558b612e75f50616fc111c5e095a4631946c782e109", "f7717eb360d40e7598c30cc44b33d98f79c468d9279379b66c1e28c568e0bf47", "f8582e1ab155302ea9ef1235441a0214919f4f79c4c7c21833ce9eec58181781", "f8b3d413c5a8f84b12cd4c5df1d8e211777c9852c6be3ee9c094b626644d3eab"]
